
Microsoft Visual Studio Solution File, Format Version 12.00
# Visual Studio 15
VisualStudioVersion = 15.0.28307.572
MinimumVisualStudioVersion = 10.0.40219.1
Project("{FAE04EC0-301F-11D3-BF4B-00C04F79EFBC}") = "Library.Data", "Library.Data\Library.Data.csproj", "{B27841E3-0476-45A6-85B9-70945D087658}"
EndProject
Project("{FAE04EC0-301F-11D3-BF4B-00C04F79EFBC}") = "Library.DTO", "Library.DTO\Library.DTO.csproj", "{BF9E11D8-ADB6-476C-BF7E-B189E39B7E77}"
EndProject
Project("{FAE04EC0-301F-11D3-BF4B-00C04F79EFBC}") = "Library.Service", "Library.Service\Library.Service.csproj", "{D5162F3D-3730-4289-9196-3DABDD6675BC}"
EndProject
Project("{FAE04EC0-301F-11D3-BF4B-00C04F79EFBC}") = "Library.UnitTest", "Library.UnitTest\Library.UnitTest.csproj", "{32921308-94CC-4A10-9116-3BBB03EF9533}"
EndProject
Project("{FAE04EC0-301F-11D3-BF4B-00C04F79EFBC}") = "Library.WinUI", "Library.WinUI\Library.WinUI.csproj", "{4951373A-5F7B-4777-837F-FBCC4FEE32B0}"
EndProject
Global
	GlobalSection(SolutionConfigurationPlatforms) = preSolution
		Debug|Any CPU = Debug|Any CPU
		Release|Any CPU = Release|Any CPU
	EndGlobalSection
	GlobalSection(ProjectConfigurationPlatforms) = postSolution
		{B27841E3-0476-45A6-85B9-70945D087658}.Debug|Any CPU.ActiveCfg = Debug|Any CPU
		{B27841E3-0476-45A6-85B9-70945D087658}.Debug|Any CPU.Build.0 = Debug|Any CPU
		{B27841E3-0476-45A6-85B9-70945D087658}.Release|Any CPU.ActiveCfg = Release|Any CPU
		{B27841E3-0476-45A6-85B9-70945D087658}.Release|Any CPU.Build.0 = Release|Any CPU
		{BF9E11D8-ADB6-476C-BF7E-B189E39B7E77}.Debug|Any CPU.ActiveCfg = Debug|Any CPU
		{BF9E11D8-ADB6-476C-BF7E-B189E39B7E77}.Debug|Any CPU.Build.0 = Debug|Any CPU
		{BF9E11D8-ADB6-476C-BF7E-B189E39B7E77}.Release|Any CPU.ActiveCfg = Release|Any CPU
		{BF9E11D8-ADB6-476C-BF7E-B189E39B7E77}.Release|Any CPU.Build.0 = Release|Any CPU
		{D5162F3D-3730-4289-9196-3DABDD6675BC}.Debug|Any CPU.ActiveCfg = Debug|Any CPU
		{D5162F3D-3730-4289-9196-3DABDD6675BC}.Debug|Any CPU.Build.0 = Debug|Any CPU
		{D5162F3D-3730-4289-9196-3DABDD6675BC}.Release|Any CPU.ActiveCfg = Release|Any CPU
		{D5162F3D-3730-4289-9196-3DABDD6675BC}.Release|Any CPU.Build.0 = Release|Any CPU
		{32921308-94CC-4A10-9116-3BBB03EF9533}.Debug|Any CPU.ActiveCfg = Debug|Any CPU
		{32921308-94CC-4A10-9116-3BBB03EF9533}.Debug|Any CPU.Build.0 = Debug|Any CPU
		{32921308-94CC-4A10-9116-3BBB03EF9533}.Release|Any CPU.ActiveCfg = Release|Any CPU
		{32921308-94CC-4A10-9116-3BBB03EF9533}.Release|Any CPU.Build.0 = Release|Any CPU
		{4951373A-5F7B-4777-837F-FBCC4FEE32B0}.Debug|Any CPU.ActiveCfg = Debug|Any CPU
		{4951373A-5F7B-4777-837F-FBCC4FEE32B0}.Debug|Any CPU.Build.0 = Debug|Any CPU
		{4951373A-5F7B-4777-837F-FBCC4FEE32B0}.Release|Any CPU.ActiveCfg = Release|Any CPU
		{4951373A-5F7B-4777-837F-FBCC4FEE32B0}.Release|Any CPU.Build.0 = Release|Any CPU
	EndGlobalSection
	GlobalSection(SolutionProperties) = preSolution
		HideSolutionNode = FALSE
	EndGlobalSection
	GlobalSection(ExtensibilityGlobals) = postSolution
		SolutionGuid = {D15CEF1F-54EF-4C99-9503-1FE60111D741}
	EndGlobalSection
EndGlobal
